
Microsoft Visual Studio Solution File, Format Version 12.00
# Visual Studio Version 17
VisualStudioVersion = 17.9.34728.123
MinimumVisualStudioVersion = 10.0.40219.1
Project("{FAE04EC0-301F-11D3-BF4B-00C04F79EFBC}") = "OOPJava_TX2_1", "OOPJava_TX2_1\OOPJava_TX2_1.csproj", "{EC99C6DE-F8B7-4DF6-9F47-37A987B18D05}"
EndProject
Global
	GlobalSection(SolutionConfigurationPlatforms) = preSolution
		Debug|Any CPU = Debug|Any CPU
		Release|Any CPU = Release|Any CPU
	EndGlobalSection
	GlobalSection(ProjectConfigurationPlatforms) = postSolution
		{EC99C6DE-F8B7-4DF6-9F47-37A987B18D05}.Debug|Any CPU.ActiveCfg = Debug|Any CPU
		{EC99C6DE-F8B7-4DF6-9F47-37A987B18D05}.Debug|Any CPU.Build.0 = Debug|Any CPU
		{EC99C6DE-F8B7-4DF6-9F47-37A987B18D05}.Release|Any CPU.ActiveCfg = Release|Any CPU
		{EC99C6DE-F8B7-4DF6-9F47-37A987B18D05}.Release|Any CPU.Build.0 = Release|Any CPU
	EndGlobalSection
	GlobalSection(SolutionProperties) = preSolution
		HideSolutionNode = FALSE
	EndGlobalSection
	GlobalSection(ExtensibilityGlobals) = postSolution
		SolutionGuid = {5253F227-CF08-4D72-8D6F-491F7877934C}
	EndGlobalSection
EndGlobal
